
Microsoft Visual Studio Solution File, Format Version 12.00
# Visual Studio Version 17
VisualStudioVersion = 17.10.35013.160
MinimumVisualStudioVersion = 10.0.40219.1
Project("{FAE04EC0-301F-11D3-BF4B-00C04F79EFBC}") = "ISS_space_station", "ISS_space_station\ISS_space_station.csproj", "{659B9DF6-1C1F-48A5-BE60-738D09439E7B}"
EndProject
Global
	GlobalSection(SolutionConfigurationPlatforms) = preSolution
		Debug|Any CPU = Debug|Any CPU
		Release|Any CPU = Release|Any CPU
	EndGlobalSection
	GlobalSection(ProjectConfigurationPlatforms) = postSolution
		{659B9DF6-1C1F-48A5-BE60-738D09439E7B}.Debug|Any CPU.ActiveCfg = Debug|Any CPU
		{659B9DF6-1C1F-48A5-BE60-738D09439E7B}.Debug|Any CPU.Build.0 = Debug|Any CPU
		{659B9DF6-1C1F-48A5-BE60-738D09439E7B}.Release|Any CPU.ActiveCfg = Release|Any CPU
		{659B9DF6-1C1F-48A5-BE60-738D09439E7B}.Release|Any CPU.Build.0 = Release|Any CPU
	EndGlobalSection
	GlobalSection(SolutionProperties) = preSolution
		HideSolutionNode = FALSE
	EndGlobalSection
	GlobalSection(ExtensibilityGlobals) = postSolution
		SolutionGuid = {725DEF26-95A0-4B95-9FFE-EC4F5B22D106}
	EndGlobalSection
EndGlobal
